
Microsoft Visual Studio Solution File, Format Version 12.00
# Visual Studio Version 17
VisualStudioVersion = 17.12.35707.178 d17.12
MinimumVisualStudioVersion = 10.0.40219.1
Project("{FAE04EC0-301F-11D3-BF4B-00C04F79EFBC}") = "Workshop.Service.Bus.Interface", "Workshop.Service.Bus.Interface\Workshop.Service.Bus.Interface.csproj", "{6B11509E-DD41-4212-8951-BDEE93BA7BD3}"
EndProject
Project("{FAE04EC0-301F-11D3-BF4B-00C04F79EFBC}") = "Workshop.Service.Bus.Worker", "Workshop.Service.Bus.Worker\Workshop.Service.Bus.Worker.csproj", "{12F84E46-A3D2-47E7-84C3-74760A191F21}"
EndProject
Global
	GlobalSection(SolutionConfigurationPlatforms) = preSolution
		Debug|Any CPU = Debug|Any CPU
		Release|Any CPU = Release|Any CPU
	EndGlobalSection
	GlobalSection(ProjectConfigurationPlatforms) = postSolution
		{6B11509E-DD41-4212-8951-BDEE93BA7BD3}.Debug|Any CPU.ActiveCfg = Debug|Any CPU
		{6B11509E-DD41-4212-8951-BDEE93BA7BD3}.Debug|Any CPU.Build.0 = Debug|Any CPU
		{6B11509E-DD41-4212-8951-BDEE93BA7BD3}.Release|Any CPU.ActiveCfg = Release|Any CPU
		{6B11509E-DD41-4212-8951-BDEE93BA7BD3}.Release|Any CPU.Build.0 = Release|Any CPU
		{12F84E46-A3D2-47E7-84C3-74760A191F21}.Debug|Any CPU.ActiveCfg = Debug|Any CPU
		{12F84E46-A3D2-47E7-84C3-74760A191F21}.Debug|Any CPU.Build.0 = Debug|Any CPU
		{12F84E46-A3D2-47E7-84C3-74760A191F21}.Release|Any CPU.ActiveCfg = Release|Any CPU
		{12F84E46-A3D2-47E7-84C3-74760A191F21}.Release|Any CPU.Build.0 = Release|Any CPU
	EndGlobalSection
	GlobalSection(SolutionProperties) = preSolution
		HideSolutionNode = FALSE
	EndGlobalSection
EndGlobal
